
Microsoft Visual Studio Solution File, Format Version 12.00
# Visual Studio Version 17
VisualStudioVersion = 17.8.34316.72
MinimumVisualStudioVersion = 10.0.40219.1
Project("{8BC9CEB8-8B4A-11D0-8D11-00A0C91BC942}") = "HelloWindows", "HelloWindows\HelloWindows.vcxproj", "{AC6B6CC6-A45C-4A79-98E9-606F19DFAE22}"
EndProject
Project("{8BC9CEB8-8B4A-11D0-8D11-00A0C91BC942}") = "HelloLinux", "HelloLinux\HelloLinux.vcxproj", "{CB7EA0BD-5748-4D57-AEF0-9F6A3377A117}"
EndProject
Project("{8BC9CEB8-8B4A-11D0-8D11-00A0C91BC942}") = "HelloClangWindows", "HelloClangWindows\HelloClangWindows.vcxproj", "{CB061A9E-912A-45F5-B461-8B1763325813}"
EndProject
Project("{8BC9CEB8-8B4A-11D0-8D11-00A0C91BC942}") = "LinuxHelloWorld", "LinuxHelloWorld\LinuxHelloWorld.vcxproj", "{575BEED7-6DAC-4356-B031-6B1606F12265}"
EndProject
Global
	GlobalSection(SolutionConfigurationPlatforms) = preSolution
		Debug|ARM = Debug|ARM
		Debug|ARM64 = Debug|ARM64
		Debug|x64 = Debug|x64
		Debug|x86 = Debug|x86
		Release|ARM = Release|ARM
		Release|ARM64 = Release|ARM64
		Release|x64 = Release|x64
		Release|x86 = Release|x86
	EndGlobalSection
	GlobalSection(ProjectConfigurationPlatforms) = postSolution
		{AC6B6CC6-A45C-4A79-98E9-606F19DFAE22}.Debug|ARM.ActiveCfg = Debug|x64
		{AC6B6CC6-A45C-4A79-98E9-606F19DFAE22}.Debug|ARM.Build.0 = Debug|x64
		{AC6B6CC6-A45C-4A79-98E9-606F19DFAE22}.Debug|ARM64.ActiveCfg = Debug|x64
		{AC6B6CC6-A45C-4A79-98E9-606F19DFAE22}.Debug|ARM64.Build.0 = Debug|x64
		{AC6B6CC6-A45C-4A79-98E9-606F19DFAE22}.Debug|x64.ActiveCfg = Debug|x64
		{AC6B6CC6-A45C-4A79-98E9-606F19DFAE22}.Debug|x64.Build.0 = Debug|x64
		{AC6B6CC6-A45C-4A79-98E9-606F19DFAE22}.Debug|x86.ActiveCfg = Debug|Win32
		{AC6B6CC6-A45C-4A79-98E9-606F19DFAE22}.Debug|x86.Build.0 = Debug|Win32
		{AC6B6CC6-A45C-4A79-98E9-606F19DFAE22}.Release|ARM.ActiveCfg = Release|x64
		{AC6B6CC6-A45C-4A79-98E9-606F19DFAE22}.Release|ARM.Build.0 = Release|x64
		{AC6B6CC6-A45C-4A79-98E9-606F19DFAE22}.Release|ARM64.ActiveCfg = Release|x64
		{AC6B6CC6-A45C-4A79-98E9-606F19DFAE22}.Release|ARM64.Build.0 = Release|x64
		{AC6B6CC6-A45C-4A79-98E9-606F19DFAE22}.Release|x64.ActiveCfg = Release|x64
		{AC6B6CC6-A45C-4A79-98E9-606F19DFAE22}.Release|x64.Build.0 = Release|x64
		{AC6B6CC6-A45C-4A79-98E9-606F19DFAE22}.Release|x86.ActiveCfg = Release|Win32
		{AC6B6CC6-A45C-4A79-98E9-606F19DFAE22}.Release|x86.Build.0 = Release|Win32
		{CB7EA0BD-5748-4D57-AEF0-9F6A3377A117}.Debug|ARM.ActiveCfg = Debug|ARM
		{CB7EA0BD-5748-4D57-AEF0-9F6A3377A117}.Debug|ARM.Build.0 = Debug|ARM
		{CB7EA0BD-5748-4D57-AEF0-9F6A3377A117}.Debug|ARM.Deploy.0 = Debug|ARM
		{CB7EA0BD-5748-4D57-AEF0-9F6A3377A117}.Debug|ARM64.ActiveCfg = Debug|ARM64
		{CB7EA0BD-5748-4D57-AEF0-9F6A3377A117}.Debug|ARM64.Build.0 = Debug|ARM64
		{CB7EA0BD-5748-4D57-AEF0-9F6A3377A117}.Debug|ARM64.Deploy.0 = Debug|ARM64
		{CB7EA0BD-5748-4D57-AEF0-9F6A3377A117}.Debug|x64.ActiveCfg = Debug|x64
		{CB7EA0BD-5748-4D57-AEF0-9F6A3377A117}.Debug|x64.Build.0 = Debug|x64
		{CB7EA0BD-5748-4D57-AEF0-9F6A3377A117}.Debug|x64.Deploy.0 = Debug|x64
		{CB7EA0BD-5748-4D57-AEF0-9F6A3377A117}.Debug|x86.ActiveCfg = Debug|x86
		{CB7EA0BD-5748-4D57-AEF0-9F6A3377A117}.Debug|x86.Build.0 = Debug|x86
		{CB7EA0BD-5748-4D57-AEF0-9F6A3377A117}.Debug|x86.Deploy.0 = Debug|x86
		{CB7EA0BD-5748-4D57-AEF0-9F6A3377A117}.Release|ARM.ActiveCfg = Release|ARM
		{CB7EA0BD-5748-4D57-AEF0-9F6A3377A117}.Release|ARM.Build.0 = Release|ARM
		{CB7EA0BD-5748-4D57-AEF0-9F6A3377A117}.Release|ARM.Deploy.0 = Release|ARM
		{CB7EA0BD-5748-4D57-AEF0-9F6A3377A117}.Release|ARM64.ActiveCfg = Release|ARM64
		{CB7EA0BD-5748-4D57-AEF0-9F6A3377A117}.Release|ARM64.Build.0 = Release|ARM64
		{CB7EA0BD-5748-4D57-AEF0-9F6A3377A117}.Release|ARM64.Deploy.0 = Release|ARM64
		{CB7EA0BD-5748-4D57-AEF0-9F6A3377A117}.Release|x64.ActiveCfg = Release|x64
		{CB7EA0BD-5748-4D57-AEF0-9F6A3377A117}.Release|x64.Build.0 = Release|x64
		{CB7EA0BD-5748-4D57-AEF0-9F6A3377A117}.Release|x64.Deploy.0 = Release|x64
		{CB7EA0BD-5748-4D57-AEF0-9F6A3377A117}.Release|x86.ActiveCfg = Release|x86
		{CB7EA0BD-5748-4D57-AEF0-9F6A3377A117}.Release|x86.Build.0 = Release|x86
		{CB7EA0BD-5748-4D57-AEF0-9F6A3377A117}.Release|x86.Deploy.0 = Release|x86
		{CB061A9E-912A-45F5-B461-8B1763325813}.Debug|ARM.ActiveCfg = Debug|x64
		{CB061A9E-912A-45F5-B461-8B1763325813}.Debug|ARM.Build.0 = Debug|x64
		{CB061A9E-912A-45F5-B461-8B1763325813}.Debug|ARM64.ActiveCfg = Debug|x64
		{CB061A9E-912A-45F5-B461-8B1763325813}.Debug|ARM64.Build.0 = Debug|x64
		{CB061A9E-912A-45F5-B461-8B1763325813}.Debug|x64.ActiveCfg = Debug|x64
		{CB061A9E-912A-45F5-B461-8B1763325813}.Debug|x64.Build.0 = Debug|x64
		{CB061A9E-912A-45F5-B461-8B1763325813}.Debug|x86.ActiveCfg = Debug|Win32
		{CB061A9E-912A-45F5-B461-8B1763325813}.Debug|x86.Build.0 = Debug|Win32
		{CB061A9E-912A-45F5-B461-8B1763325813}.Release|ARM.ActiveCfg = Release|x64
		{CB061A9E-912A-45F5-B461-8B1763325813}.Release|ARM.Build.0 = Release|x64
		{CB061A9E-912A-45F5-B461-8B1763325813}.Release|ARM64.ActiveCfg = Release|x64
		{CB061A9E-912A-45F5-B461-8B1763325813}.Release|ARM64.Build.0 = Release|x64
		{CB061A9E-912A-45F5-B461-8B1763325813}.Release|x64.ActiveCfg = Release|x64
		{CB061A9E-912A-45F5-B461-8B1763325813}.Release|x64.Build.0 = Release|x64
		{CB061A9E-912A-45F5-B461-8B1763325813}.Release|x86.ActiveCfg = Release|Win32
		{CB061A9E-912A-45F5-B461-8B1763325813}.Release|x86.Build.0 = Release|Win32
		{575BEED7-6DAC-4356-B031-6B1606F12265}.Debug|ARM.ActiveCfg = Debug|ARM
		{575BEED7-6DAC-4356-B031-6B1606F12265}.Debug|ARM.Build.0 = Debug|ARM
		{575BEED7-6DAC-4356-B031-6B1606F12265}.Debug|ARM.Deploy.0 = Debug|ARM
		{575BEED7-6DAC-4356-B031-6B1606F12265}.Debug|ARM64.ActiveCfg = Debug|ARM64
		{575BEED7-6DAC-4356-B031-6B1606F12265}.Debug|ARM64.Build.0 = Debug|ARM64
		{575BEED7-6DAC-4356-B031-6B1606F12265}.Debug|ARM64.Deploy.0 = Debug|ARM64
		{575BEED7-6DAC-4356-B031-6B1606F12265}.Debug|x64.ActiveCfg = Debug|x64
		{575BEED7-6DAC-4356-B031-6B1606F12265}.Debug|x64.Build.0 = Debug|x64
		{575BEED7-6DAC-4356-B031-6B1606F12265}.Debug|x64.Deploy.0 = Debug|x64
		{575BEED7-6DAC-4356-B031-6B1606F12265}.Debug|x86.ActiveCfg = Debug|x86
		{575BEED7-6DAC-4356-B031-6B1606F12265}.Debug|x86.Build.0 = Debug|x86
		{575BEED7-6DAC-4356-B031-6B1606F12265}.Debug|x86.Deploy.0 = Debug|x86
		{575BEED7-6DAC-4356-B031-6B1606F12265}.Release|ARM.ActiveCfg = Release|ARM
		{575BEED7-6DAC-4356-B031-6B1606F12265}.Release|ARM.Build.0 = Release|ARM
		{575BEED7-6DAC-4356-B031-6B1606F12265}.Release|ARM.Deploy.0 = Release|ARM
		{575BEED7-6DAC-4356-B031-6B1606F12265}.Release|ARM64.ActiveCfg = Release|ARM64
		{575BEED7-6DAC-4356-B031-6B1606F12265}.Release|ARM64.Build.0 = Release|ARM64
		{575BEED7-6DAC-4356-B031-6B1606F12265}.Release|ARM64.Deploy.0 = Release|ARM64
		{575BEED7-6DAC-4356-B031-6B1606F12265}.Release|x64.ActiveCfg = Release|x64
		{575BEED7-6DAC-4356-B031-6B1606F12265}.Release|x64.Build.0 = Release|x64
		{575BEED7-6DAC-4356-B031-6B1606F12265}.Release|x64.Deploy.0 = Release|x64
		{575BEED7-6DAC-4356-B031-6B1606F12265}.Release|x86.ActiveCfg = Release|x86
		{575BEED7-6DAC-4356-B031-6B1606F12265}.Release|x86.Build.0 = Release|x86
		{575BEED7-6DAC-4356-B031-6B1606F12265}.Release|x86.Deploy.0 = Release|x86
	EndGlobalSection
	GlobalSection(SolutionProperties) = preSolution
		HideSolutionNode = FALSE
	EndGlobalSection
	GlobalSection(ExtensibilityGlobals) = postSolution
		SolutionGuid = {05C5CE29-42F0-441C-88AB-36FF1EEC6DDF}
	EndGlobalSection
EndGlobal
